
Microsoft Visual Studio Solution File, Format Version 12.00
# Visual Studio 2015
Project("{FAE04EC0-301F-11D3-BF4B-00C04F79EFBC}") = "Orbital Viewer 1.0.CSharp", "Orbital Viewer 1.0.CSharp.csproj", "{C319A8A1-510C-C0B4-C204-EC1B46AACB29}"
EndProject
Global
	GlobalSection(SolutionConfigurationPlatforms) = preSolution
		Debug|Any CPU = Debug|Any CPU
		Release|Any CPU = Release|Any CPU
	EndGlobalSection
	GlobalSection(ProjectConfigurationPlatforms) = postSolution
		{C319A8A1-510C-C0B4-C204-EC1B46AACB29}.Debug|Any CPU.ActiveCfg = Debug|Any CPU
		{C319A8A1-510C-C0B4-C204-EC1B46AACB29}.Debug|Any CPU.Build.0 = Debug|Any CPU
		{C319A8A1-510C-C0B4-C204-EC1B46AACB29}.Release|Any CPU.ActiveCfg = Release|Any CPU
		{C319A8A1-510C-C0B4-C204-EC1B46AACB29}.Release|Any CPU.Build.0 = Release|Any CPU
	EndGlobalSection
	GlobalSection(SolutionProperties) = preSolution
		HideSolutionNode = FALSE
	EndGlobalSection
EndGlobal
